
Microsoft Visual Studio Solution File, Format Version 12.00
# Visual Studio Version 16
VisualStudioVersion = 16.0.30804.86
MinimumVisualStudioVersion = 10.0.40219.1
Project("{FAE04EC0-301F-11D3-BF4B-00C04F79EFBC}") = "PP1 - Executavel", "PP1 - Executavel\PP1 - Executavel.csproj", "{36343D85-6D10-4907-AC2B-851473E67708}"
EndProject
Global
	GlobalSection(SolutionConfigurationPlatforms) = preSolution
		Debug|Any CPU = Debug|Any CPU
		Release|Any CPU = Release|Any CPU
	EndGlobalSection
	GlobalSection(ProjectConfigurationPlatforms) = postSolution
		{36343D85-6D10-4907-AC2B-851473E67708}.Debug|Any CPU.ActiveCfg = Debug|Any CPU
		{36343D85-6D10-4907-AC2B-851473E67708}.Debug|Any CPU.Build.0 = Debug|Any CPU
		{36343D85-6D10-4907-AC2B-851473E67708}.Release|Any CPU.ActiveCfg = Release|Any CPU
		{36343D85-6D10-4907-AC2B-851473E67708}.Release|Any CPU.Build.0 = Release|Any CPU
	EndGlobalSection
	GlobalSection(SolutionProperties) = preSolution
		HideSolutionNode = FALSE
	EndGlobalSection
	GlobalSection(ExtensibilityGlobals) = postSolution
		SolutionGuid = {14CA5BCF-0E5B-4F4E-8B85-4D812B124129}
	EndGlobalSection
EndGlobal
